// !$*UTF8*$!
{
	archiveVersion = 1;
	classes = {
	};
	objectVersion = 46;
	objects = {

/* Begin PBXBuildFile section */
		36170DB71AE3CB0000A1D045 /* AppDelegate.swift in Sources */ = {isa = PBXBuildFile; fileRef = 36170DB61AE3CB0000A1D045 /* AppDelegate.swift */; };
		36170DB91AE3CB0100A1D045 /* ViewController.swift in Sources */ = {isa = PBXBuildFile; fileRef = 36170DB81AE3CB0100A1D045 /* ViewController.swift */; };
		36170DBC1AE3CB0100A1D045 /* Main.storyboard in Resources */ = {isa = PBXBuildFile; fileRef = 36170DBA1AE3CB0100A1D045 /* Main.storyboard */; };
		36170DBE1AE3CB0100A1D045 /* Images.xcassets in Resources */ = {isa = PBXBuildFile; fileRef = 36170DBD1AE3CB0100A1D045 /* Images.xcassets */; };
		36170DC11AE3CB0100A1D045 /* LaunchScreen.xib in Resources */ = {isa = PBXBuildFile; fileRef = 36170DBF1AE3CB0100A1D045 /* LaunchScreen.xib */; };
		36170DCD1AE3CB0100A1D045 /* TenPuzzleTests.swift in Sources */ = {isa = PBXBuildFile; fileRef = 36170DCC1AE3CB0100A1D045 /* TenPuzzleTests.swift */; };
		36170DE91AE3F26000A1D045 /* 0.png in Resources */ = {isa = PBXBuildFile; fileRef = 36170DD71AE3F26000A1D045 /* 0.png */; };
		36170DEA1AE3F26000A1D045 /* 1.png in Resources */ = {isa = PBXBuildFile; fileRef = 36170DD81AE3F26000A1D045 /* 1.png */; };
		36170DEB1AE3F26000A1D045 /* 2.png in Resources */ = {isa = PBXBuildFile; fileRef = 36170DD91AE3F26000A1D045 /* 2.png */; };
		36170DEC1AE3F26000A1D045 /* 3.png in Resources */ = {isa = PBXBuildFile; fileRef = 36170DDA1AE3F26000A1D045 /* 3.png */; };
		36170DED1AE3F26000A1D045 /* 4.png in Resources */ = {isa = PBXBuildFile; fileRef = 36170DDB1AE3F26000A1D045 /* 4.png */; };
		36170DEE1AE3F26000A1D045 /* 5.png in Resources */ = {isa = PBXBuildFile; fileRef = 36170DDC1AE3F26000A1D045 /* 5.png */; };
		36170DEF1AE3F26000A1D045 /* 6.png in Resources */ = {isa = PBXBuildFile; fileRef = 36170DDD1AE3F26000A1D045 /* 6.png */; };
		36170DF01AE3F26000A1D045 /* 7.png in Resources */ = {isa = PBXBuildFile; fileRef = 36170DDE1AE3F26000A1D045 /* 7.png */; };
		36170DF11AE3F26000A1D045 /* 8.png in Resources */ = {isa = PBXBuildFile; fileRef = 36170DDF1AE3F26000A1D045 /* 8.png */; };
		36170DF21AE3F26000A1D045 /* 9.png in Resources */ = {isa = PBXBuildFile; fileRef = 36170DE01AE3F26000A1D045 /* 9.png */; };
		36170DF31AE3F26000A1D045 /* arithmetic_(.png in Resources */ = {isa = PBXBuildFile; fileRef = 36170DE11AE3F26000A1D045 /* arithmetic_(.png */; };
		36170DF41AE3F26000A1D045 /* arithmetic_).png in Resources */ = {isa = PBXBuildFile; fileRef = 36170DE21AE3F26000A1D045 /* arithmetic_).png */; };
		36170DF51AE3F26000A1D045 /* arithmetic_addition.png in Resources */ = {isa = PBXBuildFile; fileRef = 36170DE31AE3F26000A1D045 /* arithmetic_addition.png */; };
		36170DF61AE3F26000A1D045 /* arithmetic_division.png in Resources */ = {isa = PBXBuildFile; fileRef = 36170DE41AE3F26000A1D045 /* arithmetic_division.png */; };
		36170DF71AE3F26000A1D045 /* arithmetic_multiplication.png in Resources */ = {isa = PBXBuildFile; fileRef = 36170DE51AE3F26000A1D045 /* arithmetic_multiplication.png */; };
		36170DF81AE3F26000A1D045 /* arithmetic_subtraction.png in Resources */ = {isa = PBXBuildFile; fileRef = 36170DE61AE3F26000A1D045 /* arithmetic_subtraction.png */; };
		36170DF91AE3F26000A1D045 /* backgroud.png in Resources */ = {isa = PBXBuildFile; fileRef = 36170DE71AE3F26000A1D045 /* backgroud.png */; };
		36170DFA1AE3F26000A1D045 /* ticket.png in Resources */ = {isa = PBXBuildFile; fileRef = 36170DE81AE3F26000A1D045 /* ticket.png */; };
/* End PBXBuildFile section */

/* Begin PBXContainerItemProxy section */
		36170DC71AE3CB0100A1D045 /* PBXContainerItemProxy */ = {
			isa = PBXContainerItemProxy;
			containerPortal = 36170DA91AE3CB0000A1D045 /* Project object */;
			proxyType = 1;
			remoteGlobalIDString = 36170DB01AE3CB0000A1D045;
			remoteInfo = TenPuzzle;
		};
/* End PBXContainerItemProxy section */

/* Begin PBXFileReference section */
		36170DB11AE3CB0000A1D045 /* TenPuzzle.app */ = {isa = PBXFileReference; explicitFileType = wrapper.application; includeInIndex = 0; path = TenPuzzle.app; sourceTree = BUILT_PRODUCTS_DIR; };
		36170DB51AE3CB0000A1D045 /* Info.plist */ = {isa = PBXFileReference; lastKnownFileType = text.plist.xml; path = Info.plist; sourceTree = "<group>"; };
		36170DB61AE3CB0000A1D045 /* AppDelegate.swift */ = {isa = PBXFileReference; lastKnownFileType = sourcecode.swift; path = AppDelegate.swift; sourceTree = "<group>"; };
		36170DB81AE3CB0100A1D045 /* ViewController.swift */ = {isa = PBXFileReference; lastKnownFileType = sourcecode.swift; path = ViewController.swift; sourceTree = "<group>"; };
		36170DBB1AE3CB0100A1D045 /* Base */ = {isa = PBXFileReference; lastKnownFileType = file.storyboard; name = Base; path = Base.lproj/Main.storyboard; sourceTree = "<group>"; };
		36170DBD1AE3CB0100A1D045 /* Images.xcassets */ = {isa = PBXFileReference; lastKnownFileType = folder.assetcatalog; path = Images.xcassets; sourceTree = "<group>"; };
		36170DC01AE3CB0100A1D045 /* Base */ = {isa = PBXFileReference; lastKnownFileType = file.xib; name = Base; path = Base.lproj/LaunchScreen.xib; sourceTree = "<group>"; };
		36170DC61AE3CB0100A1D045 /* TenPuzzleTests.xctest */ = {isa = PBXFileReference; explicitFileType = wrapper.cfbundle; includeInIndex = 0; path = TenPuzzleTests.xctest; sourceTree = BUILT_PRODUCTS_DIR; };
		36170DCB1AE3CB0100A1D045 /* Info.plist */ = {isa = PBXFileReference; lastKnownFileType = text.plist.xml; path = Info.plist; sourceTree = "<group>"; };
		36170DCC1AE3CB0100A1D045 /* TenPuzzleTests.swift */ = {isa = PBXFileReference; lastKnownFileType = sourcecode.swift; path = TenPuzzleTests.swift; sourceTree = "<group>"; };
		36170DD71AE3F26000A1D045 /* 0.png */ = {isa = PBXFileReference; lastKnownFileType = image.png; path = 0.png; sourceTree = "<group>"; };
		36170DD81AE3F26000A1D045 /* 1.png */ = {isa = PBXFileReference; lastKnownFileType = image.png; path = 1.png; sourceTree = "<group>"; };
		36170DD91AE3F26000A1D045 /* 2.png */ = {isa = PBXFileReference; lastKnownFileType = image.png; path = 2.png; sourceTree = "<group>"; };
		36170DDA1AE3F26000A1D045 /* 3.png */ = {isa = PBXFileReference; lastKnownFileType = image.png; path = 3.png; sourceTree = "<group>"; };
		36170DDB1AE3F26000A1D045 /* 4.png */ = {isa = PBXFileReference; lastKnownFileType = image.png; path = 4.png; sourceTree = "<group>"; };
		36170DDC1AE3F26000A1D045 /* 5.png */ = {isa = PBXFileReference; lastKnownFileType = image.png; path = 5.png; sourceTree = "<group>"; };
		36170DDD1AE3F26000A1D045 /* 6.png */ = {isa = PBXFileReference; lastKnownFileType = image.png; path = 6.png; sourceTree = "<group>"; };
		36170DDE1AE3F26000A1D045 /* 7.png */ = {isa = PBXFileReference; lastKnownFileType = image.png; path = 7.png; sourceTree = "<group>"; };
		36170DDF1AE3F26000A1D045 /* 8.png */ = {isa = PBXFileReference; lastKnownFileType = image.png; path = 8.png; sourceTree = "<group>"; };
		36170DE01AE3F26000A1D045 /* 9.png */ = {isa = PBXFileReference; lastKnownFileType = image.png; path = 9.png; sourceTree = "<group>"; };
		36170DE11AE3F26000A1D045 /* arithmetic_(.png */ = {isa = PBXFileReference; lastKnownFileType = image.png; path = "arithmetic_(.png"; sourceTree = "<group>"; };
		36170DE21AE3F26000A1D045 /* arithmetic_).png */ = {isa = PBXFileReference; lastKnownFileType = image.png; path = "arithmetic_).png"; sourceTree = "<group>"; };
		36170DE31AE3F26000A1D045 /* arithmetic_addition.png */ = {isa = PBXFileReference; lastKnownFileType = image.png; path = arithmetic_addition.png; sourceTree = "<group>"; };
		36170DE41AE3F26000A1D045 /* arithmetic_division.png */ = {isa = PBXFileReference; lastKnownFileType = image.png; path = arithmetic_division.png; sourceTree = "<group>"; };
		36170DE51AE3F26000A1D045 /* arithmetic_multiplication.png */ = {isa = PBXFileReference; lastKnownFileType = image.png; path = arithmetic_multiplication.png; sourceTree = "<group>"; };
		36170DE61AE3F26000A1D045 /* arithmetic_subtraction.png */ = {isa = PBXFileReference; lastKnownFileType = image.png; path = arithmetic_subtraction.png; sourceTree = "<group>"; };
		36170DE71AE3F26000A1D045 /* backgroud.png */ = {isa = PBXFileReference; lastKnownFileType = image.png; path = backgroud.png; sourceTree = "<group>"; };
		36170DE81AE3F26000A1D045 /* ticket.png */ = {isa = PBXFileReference; lastKnownFileType = image.png; path = ticket.png; sourceTree = "<group>"; };
/* End PBXFileReference section */

/* Begin PBXFrameworksBuildPhase section */
		36170DAE1AE3CB0000A1D045 /* Frameworks */ = {
			isa = PBXFrameworksBuildPhase;
			buildActionMask = 2147483647;
			files = (
			);
			runOnlyForDeploymentPostprocessing = 0;
		};
		36170DC31AE3CB0100A1D045 /* Frameworks */ = {
			isa = PBXFrameworksBuildPhase;
			buildActionMask = 2147483647;
			files = (
			);
			runOnlyForDeploymentPostprocessing = 0;
		};
/* End PBXFrameworksBuildPhase section */

/* Begin PBXGroup section */
		36170DA81AE3CB0000A1D045 = {
			isa = PBXGroup;
			children = (
				36170DB31AE3CB0000A1D045 /* TenPuzzle */,
				36170DC91AE3CB0100A1D045 /* TenPuzzleTests */,
				36170DB21AE3CB0000A1D045 /* Products */,
			);
			sourceTree = "<group>";
		};
		36170DB21AE3CB0000A1D045 /* Products */ = {
			isa = PBXGroup;
			children = (
				36170DB11AE3CB0000A1D045 /* TenPuzzle.app */,
				36170DC61AE3CB0100A1D045 /* TenPuzzleTests.xctest */,
			);
			name = Products;
			sourceTree = "<group>";
		};
		36170DB31AE3CB0000A1D045 /* TenPuzzle */ = {
			isa = PBXGroup;
			children = (
				36170DB61AE3CB0000A1D045 /* AppDelegate.swift */,
				36170DB81AE3CB0100A1D045 /* ViewController.swift */,
				36170DBA1AE3CB0100A1D045 /* Main.storyboard */,
				36170DBD1AE3CB0100A1D045 /* Images.xcassets */,
				36170DBF1AE3CB0100A1D045 /* LaunchScreen.xib */,
				36170DB41AE3CB0000A1D045 /* Supporting Files */,
			);
			path = TenPuzzle;
			sourceTree = "<group>";
		};
		36170DB41AE3CB0000A1D045 /* Supporting Files */ = {
			isa = PBXGroup;
			children = (
				36170DD61AE3F26000A1D045 /* TenPuzzleImage */,
				36170DB51AE3CB0000A1D045 /* Info.plist */,
			);
			name = "Supporting Files";
			sourceTree = "<group>";
		};
		36170DC91AE3CB0100A1D045 /* TenPuzzleTests */ = {
			isa = PBXGroup;
			children = (
				36170DCC1AE3CB0100A1D045 /* TenPuzzleTests.swift */,
				36170DCA1AE3CB0100A1D045 /* Supporting Files */,
			);
			path = TenPuzzleTests;
			sourceTree = "<group>";
		};
		36170DCA1AE3CB0100A1D045 /* Supporting Files */ = {
			isa = PBXGroup;
			children = (
				36170DCB1AE3CB0100A1D045 /* Info.plist */,
			);
			name = "Supporting Files";
			sourceTree = "<group>";
		};
		36170DD61AE3F26000A1D045 /* TenPuzzleImage */ = {
			isa = PBXGroup;
			children = (
				36170DD71AE3F26000A1D045 /* 0.png */,
				36170DD81AE3F26000A1D045 /* 1.png */,
				36170DD91AE3F26000A1D045 /* 2.png */,
				36170DDA1AE3F26000A1D045 /* 3.png */,
				36170DDB1AE3F26000A1D045 /* 4.png */,
				36170DDC1AE3F26000A1D045 /* 5.png */,
				36170DDD1AE3F26000A1D045 /* 6.png */,
				36170DDE1AE3F26000A1D045 /* 7.png */,
				36170DDF1AE3F26000A1D045 /* 8.png */,
				36170DE01AE3F26000A1D045 /* 9.png */,
				36170DE11AE3F26000A1D045 /* arithmetic_(.png */,
				36170DE21AE3F26000A1D045 /* arithmetic_).png */,
				36170DE31AE3F26000A1D045 /* arithmetic_addition.png */,
				36170DE41AE3F26000A1D045 /* arithmetic_division.png */,
				36170DE51AE3F26000A1D045 /* arithmetic_multiplication.png */,
				36170DE61AE3F26000A1D045 /* arithmetic_subtraction.png */,
				36170DE71AE3F26000A1D045 /* backgroud.png */,
				36170DE81AE3F26000A1D045 /* ticket.png */,
			);
			path = TenPuzzleImage;
			sourceTree = "<group>";
		};
/* End PBXGroup section */

/* Begin PBXNativeTarget section */
		36170DB01AE3CB0000A1D045 /* TenPuzzle */ = {
			isa = PBXNativeTarget;
			buildConfigurationList = 36170DD01AE3CB0100A1D045 /* Build configuration list for PBXNativeTarget "TenPuzzle" */;
			buildPhases = (
				36170DAD1AE3CB0000A1D045 /* Sources */,
				36170DAE1AE3CB0000A1D045 /* Frameworks */,
				36170DAF1AE3CB0000A1D045 /* Resources */,
			);
			buildRules = (
			);
			dependencies = (
			);
			name = TenPuzzle;
			productName = TenPuzzle;
			productReference = 36170DB11AE3CB0000A1D045 /* TenPuzzle.app */;
			productType = "com.apple.product-type.application";
		};
		36170DC51AE3CB0100A1D045 /* TenPuzzleTests */ = {
			isa = PBXNativeTarget;
			buildConfigurationList = 36170DD31AE3CB0100A1D045 /* Build configuration list for PBXNativeTarget "TenPuzzleTests" */;
			buildPhases = (
				36170DC21AE3CB0100A1D045 /* Sources */,
				36170DC31AE3CB0100A1D045 /* Frameworks */,
				36170DC41AE3CB0100A1D045 /* Resources */,
			);
			buildRules = (
			);
			dependencies = (
				36170DC81AE3CB0100A1D045 /* PBXTargetDependency */,
			);
			name = TenPuzzleTests;
			productName = TenPuzzleTests;
			productReference = 36170DC61AE3CB0100A1D045 /* TenPuzzleTests.xctest */;
			productType = "com.apple.product-type.bundle.unit-test";
		};
/* End PBXNativeTarget section */

/* Begin PBXProject section */
		36170DA91AE3CB0000A1D045 /* Project object */ = {
			isa = PBXProject;
			attributes = {
				LastUpgradeCheck = 0630;
				ORGANIZATIONNAME = "Masaki Horimoto";
				TargetAttributes = {
					36170DB01AE3CB0000A1D045 = {
						CreatedOnToolsVersion = 6.3;
					};
					36170DC51AE3CB0100A1D045 = {
						CreatedOnToolsVersion = 6.3;
						TestTargetID = 36170DB01AE3CB0000A1D045;
					};
				};
			};
			buildConfigurationList = 36170DAC1AE3CB0000A1D045 /* Build configuration list for PBXProject "TenPuzzle" */;
			compatibilityVersion = "Xcode 3.2";
			developmentRegion = English;
			hasScannedForEncodings = 0;
			knownRegions = (
				en,
				Base,
			);
			mainGroup = 36170DA81AE3CB0000A1D045;
			productRefGroup = 36170DB21AE3CB0000A1D045 /* Products */;
			projectDirPath = "";
			projectRoot = "";
			targets = (
				36170DB01AE3CB0000A1D045 /* TenPuzzle */,
				36170DC51AE3CB0100A1D045 /* TenPuzzleTests */,
			);
		};
/* End PBXProject section */

/* Begin PBXResourcesBuildPhase section */
		36170DAF1AE3CB0000A1D045 /* Resources */ = {
			isa = PBXResourcesBuildPhase;
			buildActionMask = 2147483647;
			files = (
				36170DF11AE3F26000A1D045 /* 8.png in Resources */,
				36170DF01AE3F26000A1D045 /* 7.png in Resources */,
				36170DEB1AE3F26000A1D045 /* 2.png in Resources */,
				36170DE91AE3F26000A1D045 /* 0.png in Resources */,
				36170DF21AE3F26000A1D045 /* 9.png in Resources */,
				36170DBC1AE3CB0100A1D045 /* Main.storyboard in Resources */,
				36170DC11AE3CB0100A1D045 /* LaunchScreen.xib in Resources */,
				36170DF71AE3F26000A1D045 /* arithmetic_multiplication.png in Resources */,
				36170DEF1AE3F26000A1D045 /* 6.png in Resources */,
				36170DF61AE3F26000A1D045 /* arithmetic_division.png in Resources */,
				36170DED1AE3F26000A1D045 /* 4.png in Resources */,
				36170DBE1AE3CB0100A1D045 /* Images.xcassets in Resources */,
				36170DF31AE3F26000A1D045 /* arithmetic_(.png in Resources */,
				36170DEE1AE3F26000A1D045 /* 5.png in Resources */,
				36170DEC1AE3F26000A1D045 /* 3.png in Resources */,
				36170DEA1AE3F26000A1D045 /* 1.png in Resources */,
				36170DFA1AE3F26000A1D045 /* ticket.png in Resources */,
				36170DF81AE3F26000A1D045 /* arithmetic_subtraction.png in Resources */,
				36170DF41AE3F26000A1D045 /* arithmetic_).png in Resources */,
				36170DF91AE3F26000A1D045 /* backgroud.png in Resources */,
				36170DF51AE3F26000A1D045 /* arithmetic_addition.png in Resources */,
			);
			runOnlyForDeploymentPostprocessing = 0;
		};
		36170DC41AE3CB0100A1D045 /* Resources */ = {
			isa = PBXResourcesBuildPhase;
			buildActionMask = 2147483647;
			files = (
			);
			runOnlyForDeploymentPostprocessing = 0;
		};
/* End PBXResourcesBuildPhase section */

/* Begin PBXSourcesBuildPhase section */
		36170DAD1AE3CB0000A1D045 /* Sources */ = {
			isa = PBXSourcesBuildPhase;
			buildActionMask = 2147483647;
			files = (
				36170DB91AE3CB0100A1D045 /* ViewController.swift in Sources */,
				36170DB71AE3CB0000A1D045 /* AppDelegate.swift in Sources */,
			);
			runOnlyForDeploymentPostprocessing = 0;
		};
		36170DC21AE3CB0100A1D045 /* Sources */ = {
			isa = PBXSourcesBuildPhase;
			buildActionMask = 2147483647;
			files = (
				36170DCD1AE3CB0100A1D045 /* TenPuzzleTests.swift in Sources */,
			);
			runOnlyForDeploymentPostprocessing = 0;
		};
/* End PBXSourcesBuildPhase section */

/* Begin PBXTargetDependency section */
		36170DC81AE3CB0100A1D045 /* PBXTargetDependency */ = {
			isa = PBXTargetDependency;
			target = 36170DB01AE3CB0000A1D045 /* TenPuzzle */;
			targetProxy = 36170DC71AE3CB0100A1D045 /* PBXContainerItemProxy */;
		};
/* End PBXTargetDependency section */

/* Begin PBXVariantGroup section */
		36170DBA1AE3CB0100A1D045 /* Main.storyboard */ = {
			isa = PBXVariantGroup;
			children = (
				36170DBB1AE3CB0100A1D045 /* Base */,
			);
			name = Main.storyboard;
			sourceTree = "<group>";
		};
		36170DBF1AE3CB0100A1D045 /* LaunchScreen.xib */ = {
			isa = PBXVariantGroup;
			children = (
				36170DC01AE3CB0100A1D045 /* Base */,
			);
			name = LaunchScreen.xib;
			sourceTree = "<group>";
		};
/* End PBXVariantGroup section */

/* Begin XCBuildConfiguration section */
		36170DCE1AE3CB0100A1D045 /* Debug */ = {
			isa = XCBuildConfiguration;
			buildSettings = {
				ALWAYS_SEARCH_USER_PATHS = NO;
				CLANG_CXX_LANGUAGE_STANDARD = "gnu++0x";
				CLANG_CXX_LIBRARY = "libc++";
				CLANG_ENABLE_MODULES = YES;
				CLANG_ENABLE_OBJC_ARC = YES;
				CLANG_WARN_BOOL_CONVERSION = YES;
				CLANG_WARN_CONSTANT_CONVERSION = YES;
				CLANG_WARN_DIRECT_OBJC_ISA_USAGE = YES_ERROR;
				CLANG_WARN_EMPTY_BODY = YES;
				CLANG_WARN_ENUM_CONVERSION = YES;
				CLANG_WARN_INT_CONVERSION = YES;
				CLANG_WARN_OBJC_ROOT_CLASS = YES_ERROR;
				CLANG_WARN_UNREACHABLE_CODE = YES;
				CLANG_WARN__DUPLICATE_METHOD_MATCH = YES;
				"CODE_SIGN_IDENTITY[sdk=iphoneos*]" = "iPhone Developer";
				COPY_PHASE_STRIP = NO;
				DEBUG_INFORMATION_FORMAT = "dwarf-with-dsym";
				ENABLE_STRICT_OBJC_MSGSEND = YES;
				GCC_C_LANGUAGE_STANDARD = gnu99;
				GCC_DYNAMIC_NO_PIC = NO;
				GCC_NO_COMMON_BLOCKS = YES;
				GCC_OPTIMIZATION_LEVEL = 0;
				GCC_PREPROCESSOR_DEFINITIONS = (
					"DEBUG=1",
					"$(inherited)",
				);
				GCC_SYMBOLS_PRIVATE_EXTERN = NO;
				GCC_WARN_64_TO_32_BIT_CONVERSION = YES;
				GCC_WARN_ABOUT_RETURN_TYPE = YES_ERROR;
				GCC_WARN_UNDECLARED_SELECTOR = YES;
				GCC_WARN_UNINITIALIZED_AUTOS = YES_AGGRESSIVE;
				GCC_WARN_UNUSED_FUNCTION = YES;
				GCC_WARN_UNUSED_VARIABLE = YES;
				IPHONEOS_DEPLOYMENT_TARGET = 8.3;
				MTL_ENABLE_DEBUG_INFO = YES;
				ONLY_ACTIVE_ARCH = YES;
				SDKROOT = iphoneos;
				SWIFT_OPTIMIZATION_LEVEL = "-Onone";
			};
			name = Debug;
		};
		36170DCF1AE3CB0100A1D045 /* Release */ = {
			isa = XCBuildConfiguration;
			buildSettings = {
				ALWAYS_SEARCH_USER_PATHS = NO;
				CLANG_CXX_LANGUAGE_STANDARD = "gnu++0x";
				CLANG_CXX_LIBRARY = "libc++";
				CLANG_ENABLE_MODULES = YES;
				CLANG_ENABLE_OBJC_ARC = YES;
				CLANG_WARN_BOOL_CONVERSION = YES;
				CLANG_WARN_CONSTANT_CONVERSION = YES;
				CLANG_WARN_DIRECT_OBJC_ISA_USAGE = YES_ERROR;
				CLANG_WARN_EMPTY_BODY = YES;
				CLANG_WARN_ENUM_CONVERSION = YES;
				CLANG_WARN_INT_CONVERSION = YES;
				CLANG_WARN_OBJC_ROOT_CLASS = YES_ERROR;
				CLANG_WARN_UNREACHABLE_CODE = YES;
				CLANG_WARN__DUPLICATE_METHOD_MATCH = YES;
				"CODE_SIGN_IDENTITY[sdk=iphoneos*]" = "iPhone Developer";
				COPY_PHASE_STRIP = NO;
				DEBUG_INFORMATION_FORMAT = "dwarf-with-dsym";
				ENABLE_NS_ASSERTIONS = NO;
				ENABLE_STRICT_OBJC_MSGSEND = YES;
				GCC_C_LANGUAGE_STANDARD = gnu99;
				GCC_NO_COMMON_BLOCKS = YES;
				GCC_WARN_64_TO_32_BIT_CONVERSION = YES;
				GCC_WARN_ABOUT_RETURN_TYPE = YES_ERROR;
				GCC_WARN_UNDECLARED_SELECTOR = YES;
				GCC_WARN_UNINITIALIZED_AUTOS = YES_AGGRESSIVE;
				GCC_WARN_UNUSED_FUNCTION = YES;
				GCC_WARN_UNUSED_VARIABLE = YES;
				IPHONEOS_DEPLOYMENT_TARGET = 8.3;
				MTL_ENABLE_DEBUG_INFO = NO;
				SDKROOT = iphoneos;
				VALIDATE_PRODUCT = YES;
			};
			name = Release;
		};
		36170DD11AE3CB0100A1D045 /* Debug */ = {
			isa = XCBuildConfiguration;
			buildSettings = {
				ASSETCATALOG_COMPILER_APPICON_NAME = AppIcon;
				INFOPLIST_FILE = TenPuzzle/Info.plist;
				LD_RUNPATH_SEARCH_PATHS = "$(inherited) @executable_path/Frameworks";
				PRODUCT_NAME = "$(TARGET_NAME)";
			};
			name = Debug;
		};
		36170DD21AE3CB0100A1D045 /* Release */ = {
			isa = XCBuildConfiguration;
			buildSettings = {
				ASSETCATALOG_COMPILER_APPICON_NAME = AppIcon;
				INFOPLIST_FILE = TenPuzzle/Info.plist;
				LD_RUNPATH_SEARCH_PATHS = "$(inherited) @executable_path/Frameworks";
				PRODUCT_NAME = "$(TARGET_NAME)";
			};
			name = Release;
		};
		36170DD41AE3CB0100A1D045 /* Debug */ = {
			isa = XCBuildConfiguration;
			buildSettings = {
				BUNDLE_LOADER = "$(TEST_HOST)";
				FRAMEWORK_SEARCH_PATHS = (
					"$(SDKROOT)/Developer/Library/Frameworks",
					"$(inherited)",
				);
				GCC_PREPROCESSOR_DEFINITIONS = (
					"DEBUG=1",
					"$(inherited)",
				);
				INFOPLIST_FILE = TenPuzzleTests/Info.plist;
				LD_RUNPATH_SEARCH_PATHS = "$(inherited) @executable_path/Frameworks @loader_path/Frameworks";
				PRODUCT_NAME = "$(TARGET_NAME)";
				TEST_HOST = "$(BUILT_PRODUCTS_DIR)/TenPuzzle.app/TenPuzzle";
			};
			name = Debug;
		};
		36170DD51AE3CB0100A1D045 /* Release */ = {
			isa = XCBuildConfiguration;
			buildSettings = {
				BUNDLE_LOADER = "$(TEST_HOST)";
				FRAMEWORK_SEARCH_PATHS = (
					"$(SDKROOT)/Developer/Library/Frameworks",
					"$(inherited)",
				);
				INFOPLIST_FILE = TenPuzzleTests/Info.plist;
				LD_RUNPATH_SEARCH_PATHS = "$(inherited) @executable_path/Frameworks @loader_path/Frameworks";
				PRODUCT_NAME = "$(TARGET_NAME)";
				TEST_HOST = "$(BUILT_PRODUCTS_DIR)/TenPuzzle.app/TenPuzzle";
			};
			name = Release;
		};
/* End XCBuildConfiguration section */

/* Begin XCConfigurationList section */
		36170DAC1AE3CB0000A1D045 /* Build configuration list for PBXProject "TenPuzzle" */ = {
			isa = XCConfigurationList;
			buildConfigurations = (
				36170DCE1AE3CB0100A1D045 /* Debug */,
				36170DCF1AE3CB0100A1D045 /* Release */,
			);
			defaultConfigurationIsVisible = 0;
			defaultConfigurationName = Release;
		};
		36170DD01AE3CB0100A1D045 /* Build configuration list for PBXNativeTarget "TenPuzzle" */ = {
			isa = XCConfigurationList;
			buildConfigurations = (
				36170DD11AE3CB0100A1D045 /* Debug */,
				36170DD21AE3CB0100A1D045 /* Release */,
			);
			defaultConfigurationIsVisible = 0;
			defaultConfigurationName = Release;
		};
		36170DD31AE3CB0100A1D045 /* Build configuration list for PBXNativeTarget "TenPuzzleTests" */ = {
			isa = XCConfigurationList;
			buildConfigurations = (
				36170DD41AE3CB0100A1D045 /* Debug */,
				36170DD51AE3CB0100A1D045 /* Release */,
			);
			defaultConfigurationIsVisible = 0;
			defaultConfigurationName = Release;
		};
/* End XCConfigurationList section */
	};
	rootObject = 36170DA91AE3CB0000A1D045 /* Project object */;
}
